
Microsoft Visual Studio Solution File, Format Version 12.00
# Visual Studio Version 16
VisualStudioVersion = 16.0.29905.134
MinimumVisualStudioVersion = 10.0.40219.1
Project("{FAE04EC0-301F-11D3-BF4B-00C04F79EFBC}") = "BancoClientes", "BancoClientes\BancoClientes.csproj", "{52A6CA39-C383-4B7E-9402-105FF8859FCE}"
EndProject
Global
	GlobalSection(SolutionConfigurationPlatforms) = preSolution
		Debug|Any CPU = Debug|Any CPU
		Release|Any CPU = Release|Any CPU
	EndGlobalSection
	GlobalSection(ProjectConfigurationPlatforms) = postSolution
		{52A6CA39-C383-4B7E-9402-105FF8859FCE}.Debug|Any CPU.ActiveCfg = Debug|Any CPU
		{52A6CA39-C383-4B7E-9402-105FF8859FCE}.Debug|Any CPU.Build.0 = Debug|Any CPU
		{52A6CA39-C383-4B7E-9402-105FF8859FCE}.Release|Any CPU.ActiveCfg = Release|Any CPU
		{52A6CA39-C383-4B7E-9402-105FF8859FCE}.Release|Any CPU.Build.0 = Release|Any CPU
	EndGlobalSection
	GlobalSection(SolutionProperties) = preSolution
		HideSolutionNode = FALSE
	EndGlobalSection
	GlobalSection(ExtensibilityGlobals) = postSolution
		SolutionGuid = {DEF64D90-F99D-406C-95A1-AFA3117343E4}
	EndGlobalSection
EndGlobal
